github.com/go-filesystems/fat32 v0.3.0 h1:lq2nFNXTI6wLOKtSA2SDQgbHNzgN9mMdElrcwsgwQrE=
github.com/go-filesystems/fat32 v0.3.0/go.mod h1:twfQw/efVJW0ccGZoaxW3HXJG0RSM8xKsBUG1PIIWAQ=
github.com/go-filesystems/interface v0.3.0 h1:cV4+2mvW1eCPyde+KIDRaGuIPAcr2sDgKrxGuGQr98k=
github.com/go-filesystems/interface v0.3.0/go.mod h1:9MDfHNNKg9cW1qBa3hmURQj4jiWIdTo9Xpgdt8ZzvV8=
github.com/go-volumes/gpt v0.0.0-20260622072431-e1d6ba3b531c h1:dpQtmDhaRvMiaQWByqrS2VY9yG75d4sdy6BOxbUZM1s=
github.com/go-volumes/gpt v0.0.0-20260622072431-e1d6ba3b531c/go.mod h1:eBAzPkLd8zHkg3WiYGk70M4g6PYY8S5K4JP+kEMs0mw=
github.com/go-volumes/safeio v0.0.0-20260622072324-7f8eb19f6f8c h1:rOwNQiP0VPnyUcRjiVq9QTOCJkN9heon0325hZdFLaQ=
github.com/go-volumes/safeio v0.0.0-20260622072324-7f8eb19f6f8c/go.mod h1:QQdGwEUmPSdzD+OPq+ZcKso9ljssqgBXNk0/9z7moho=
golang.org/x/crypto v0.55.0 h1:+KWHjbgOaAQ66dh/YlkZKHlz9ZUlq61AFirAR9ntP8M=
golang.org/x/crypto v0.55.0/go.mod h1:uq0V9dE/fzQuJtbnL+2EhWOE63vo164FY8xqEnV9xis=
golang.org/x/crypto v0.56.0 h1:GUh5Ii4J5jtcseSMiRqr1jXCNHoxjeV9Fmekc2oLy6Y=
golang.org/x/crypto v0.56.0/go.mod h1:OMW5y6CY9l38uPLmxU6l6pwcXp1obtLo3e6gT7gQR2I=
golang.org/x/sys v0.47.0 h1:o7XGOvZQCADBQQ4Y7VNq2dRWQR7JmOUW8Kxx4ZsNgWs=
golang.org/x/sys v0.47.0/go.mod h1:4GL1E5IUh+htKOUEOaiffhrAeqysfVGipDYzABqnCmw=
golang.org/x/term v0.45.0 h1:NwWyBmoJCbfTHpxrWoZ9C6/VxOf7ic219I8xZZFdrf0=
golang.org/x/term v0.45.0/go.mod h1:9aqxs0blBcrm/n0L9QW0aRVD+ktan8ssZromtqJC43w=
