github.com/go-filesystems/hostcopy v0.1.0 h1:eNOy7iGrEe7dGZQ+UhnXJraZsnT+Ht3pP3OIWy69Wq0=
github.com/go-filesystems/hostcopy v0.1.0/go.mod h1:5HPox1vd9HgHm4tzbem2w3a/QxmM0gyxhFQmKBKMrKI=
github.com/go-filesystems/interface v0.5.0 h1:AsbSXYG5cp497Ki0Ez88s8wwrVEmeRmFLd40T4d3UwA=
github.com/go-filesystems/interface v0.5.0/go.mod h1:u9v8mvapNV8djzObwCECdyd2g6JBU6HNTR4EAqxOn6U=
golang.org/x/crypto v0.57.0 h1:3ZVCjf8Ggz7zneR/EHRVx68Ctf+2pmIMP2UFhh9cC6M=
golang.org/x/crypto v0.57.0/go.mod h1:Fdz0i5U6CoizGwLda9DttjSk6qlZo25zYNtR+ycvuZA=
golang.org/x/sys v0.48.0 h1:bbX/i/6MgT9BVLM9RT1thmxL04yeTAhbEz4SyadbXoo=
golang.org/x/sys v0.48.0/go.mod h1:hNLxWAXmnKAxqDtdwIYC4bM9oQPEecfsnNMuSxOs3og=
golang.org/x/term v0.46.0 h1:3+OXuTbaKDgwk8jTi3aSLHRlmWqHEUDUtxnbFigO4YE=
golang.org/x/term v0.46.0/go.mod h1:+K02xbkittuwc0Am4abfA3Fc+XRGXkvBXNO88NCXPoc=
